
Microsoft Visual Studio Solution File, Format Version 12.00
# Visual Studio Version 17
VisualStudioVersion = 17.4.33103.184
MinimumVisualStudioVersion = 10.0.40219.1
Project("{888888A0-9F3D-457C-B088-3A5042F75D52}") = "REST-tutorial", "REST-tutorial.pyproj", "{5587AB38-A4E8-4CCF-8175-D371B9EE38EB}"
EndProject
Global
	GlobalSection(SolutionConfigurationPlatforms) = preSolution
		Debug|Any CPU = Debug|Any CPU
		Release|Any CPU = Release|Any CPU
	EndGlobalSection
	GlobalSection(ProjectConfigurationPlatforms) = postSolution
		{5587AB38-A4E8-4CCF-8175-D371B9EE38EB}.Debug|Any CPU.ActiveCfg = Debug|Any CPU
		{5587AB38-A4E8-4CCF-8175-D371B9EE38EB}.Debug|Any CPU.Build.0 = Debug|Any CPU
		{5587AB38-A4E8-4CCF-8175-D371B9EE38EB}.Release|Any CPU.ActiveCfg = Release|Any CPU
		{5587AB38-A4E8-4CCF-8175-D371B9EE38EB}.Release|Any CPU.Build.0 = Release|Any CPU
	EndGlobalSection
	GlobalSection(SolutionProperties) = preSolution
		HideSolutionNode = FALSE
	EndGlobalSection
	GlobalSection(ExtensibilityGlobals) = postSolution
		SolutionGuid = {C64DFF12-4425-4E17-B97E-DF433610DDC1}
	EndGlobalSection
EndGlobal
